{
  "version": 4,
  "terraform_version": "1.0.10",
  "serial": 16,
  "lineage": "9a21a6da-b11e-3bc1-1137-12669458bbd2",
  "outputs": {},
  "resources": [
    {
      "mode": "data",
      "type": "template_file",
      "name": "visitorcounterlambdapolicy",
      "provider": "provider[\"registry.terraform.io/hashicorp/template\"]",
      "instances": [
        {
          "schema_version": 0,
          "attributes": {
            "filename": null,
            "id": "b880cbfc31ce9f438ebb377f1b2ede4c5d283a34ab825058155bef22be673919",
            "rendered": "{\r\n    \"Version\": \"2012-10-17\",\r\n    \"Statement\": [\r\n        {\r\n            \"Effect\": \"Allow\",\r\n            \"Action\": [\r\n                \"dynamodb:BatchGetItem\",\r\n                \"dynamodb:GetItem\",\r\n                \"dynamodb:Query\",\r\n                \"dynamodb:Scan\",\r\n                \"dynamodb:BatchWriteItem\",\r\n                \"dynamodb:PutItem\",\r\n                \"dynamodb:UpdateItem\"\r\n            ],\r\n            \"Resource\": \"arn:aws:dynamodb:*:*:table/Counter1\"\r\n        }\r\n    ]\r\n}",
            "template": "{\r\n    \"Version\": \"2012-10-17\",\r\n    \"Statement\": [\r\n        {\r\n            \"Effect\": \"Allow\",\r\n            \"Action\": [\r\n                \"dynamodb:BatchGetItem\",\r\n                \"dynamodb:GetItem\",\r\n                \"dynamodb:Query\",\r\n                \"dynamodb:Scan\",\r\n                \"dynamodb:BatchWriteItem\",\r\n                \"dynamodb:PutItem\",\r\n                \"dynamodb:UpdateItem\"\r\n            ],\r\n            \"Resource\": \"arn:aws:dynamodb:*:*:table/Counter1\"\r\n        }\r\n    ]\r\n}",
            "vars": null
          },
          "sensitive_attributes": []
        }
      ]
    },
    {
      "mode": "managed",
      "type": "aws_api_gateway_deployment",
      "name": "visitorcounterapistageprod",
      "provider": "provider[\"registry.terraform.io/hashicorp/aws\"]",
      "instances": [
        {
          "schema_version": 0,
          "attributes": {
            "created_date": "2022-02-12T17:45:06Z",
            "description": "",
            "execution_arn": "arn:aws:execute-api:us-east-1:293672135960:1ils88bpqg/prod",
            "id": "9lhqc5",
            "invoke_url": "https://1ils88bpqg.execute-api.us-east-1.amazonaws.com/prod",
            "rest_api_id": "1ils88bpqg",
            "stage_description": null,
            "stage_name": "prod",
            "triggers": null,
            "variables": null
          },
          "sensitive_attributes": [],
          "private": "bnVsbA==",
          "dependencies": [
            "aws_api_gateway_integration.createvisitorCounter-lambda",
            "aws_api_gateway_method.createCounter",
            "aws_api_gateway_rest_api.counterapigw",
            "aws_lambda_function.CreateVisitorCounterHandler"
          ]
        }
      ]
    },
    {
      "mode": "managed",
      "type": "aws_api_gateway_integration",
      "name": "createvisitorCounter-lambda",
      "provider": "provider[\"registry.terraform.io/hashicorp/aws\"]",
      "instances": [
        {
          "schema_version": 0,
          "attributes": {
            "cache_key_parameters": null,
            "cache_namespace": "lbi985",
            "connection_id": "",
            "connection_type": "INTERNET",
            "content_handling": "",
            "credentials": "",
            "http_method": "POST",
            "id": "agi-1ils88bpqg-lbi985-POST",
            "integration_http_method": "POST",
            "passthrough_behavior": "WHEN_NO_MATCH",
            "request_parameters": null,
            "request_templates": null,
            "resource_id": "lbi985",
            "rest_api_id": "1ils88bpqg",
            "timeout_milliseconds": 29000,
            "tls_config": [],
            "type": "AWS_PROXY",
            "uri": "arn:aws:apigateway:us-east-1:lambda:path/2015-03-31/functions/arn:aws:lambda:us-east-1:293672135960:function:test3/invocations"
          },
          "sensitive_attributes": [],
          "private": "bnVsbA==",
          "dependencies": [
            "aws_api_gateway_method.createCounter",
            "aws_api_gateway_rest_api.counterapigw",
            "aws_lambda_function.CreateVisitorCounterHandler"
          ]
        }
      ]
    },
    {
      "mode": "managed",
      "type": "aws_api_gateway_method",
      "name": "createCounter",
      "provider": "provider[\"registry.terraform.io/hashicorp/aws\"]",
      "instances": [
        {
          "schema_version": 0,
          "attributes": {
            "api_key_required": false,
            "authorization": "NONE",
            "authorization_scopes": [],
            "authorizer_id": "",
            "http_method": "POST",
            "id": "agm-1ils88bpqg-lbi985-POST",
            "operation_name": "",
            "request_models": {},
            "request_parameters": {},
            "request_validator_id": "",
            "resource_id": "lbi985",
            "rest_api_id": "1ils88bpqg"
          },
          "sensitive_attributes": [],
          "private": "bnVsbA==",
          "dependencies": [
            "aws_api_gateway_resource.product",
            "aws_api_gateway_rest_api.counterapigw"
          ]
        }
      ]
    },
    {
      "mode": "managed",
      "type": "aws_api_gateway_resource",
      "name": "product",
      "provider": "provider[\"registry.terraform.io/hashicorp/aws\"]",
      "instances": [
        {
          "schema_version": 0,
          "attributes": {
            "id": "lbi985",
            "parent_id": "zvrwtkffna",
            "path": "/product",
            "path_part": "product",
            "rest_api_id": "1ils88bpqg"
          },
          "sensitive_attributes": [],
          "private": "bnVsbA==",
          "dependencies": [
            "aws_api_gateway_rest_api.counterapigw"
          ]
        }
      ]
    },
    {
      "mode": "managed",
      "type": "aws_api_gateway_rest_api",
      "name": "counterapigw",
      "provider": "provider[\"registry.terraform.io/hashicorp/aws\"]",
      "instances": [
        {
          "schema_version": 0,
          "attributes": {
            "api_key_source": "HEADER",
            "arn": "arn:aws:apigateway:us-east-1::/restapis/1ils88bpqg",
            "binary_media_types": [],
            "body": null,
            "created_date": "2022-02-12T12:11:09Z",
            "description": "VisitorCounter API Gatewat",
            "disable_execute_api_endpoint": false,
            "endpoint_configuration": [
              {
                "types": [
                  "REGIONAL"
                ],
                "vpc_endpoint_ids": []
              }
            ],
            "execution_arn": "arn:aws:execute-api:us-east-1:293672135960:1ils88bpqg",
            "id": "1ils88bpqg",
            "minimum_compression_size": -1,
            "name": "test3-API",
            "parameters": null,
            "policy": "",
            "root_resource_id": "zvrwtkffna",
            "tags": {},
            "tags_all": {}
          },
          "sensitive_attributes": [],
          "private": "bnVsbA=="
        }
      ]
    },
    {
      "mode": "managed",
      "type": "aws_dynamodb_table",
      "name": "basic-dynamodb-table",
      "provider": "provider[\"registry.terraform.io/hashicorp/aws\"]",
      "instances": [
        {
          "schema_version": 1,
          "attributes": {
            "arn": "arn:aws:dynamodb:us-east-1:293672135960:table/Counter1",
            "attribute": [
              {
                "name": "id",
                "type": "S"
              }
            ],
            "billing_mode": "PAY_PER_REQUEST",
            "global_secondary_index": [],
            "hash_key": "id",
            "id": "Counter1",
            "local_secondary_index": [],
            "name": "Counter1",
            "point_in_time_recovery": [
              {
                "enabled": false
              }
            ],
            "range_key": null,
            "read_capacity": 0,
            "replica": [],
            "restore_date_time": null,
            "restore_source_name": null,
            "restore_to_latest_time": null,
            "server_side_encryption": [],
            "stream_arn": "",
            "stream_enabled": false,
            "stream_label": "",
            "stream_view_type": "",
            "table_class": "",
            "tags": {},
            "tags_all": {},
            "timeouts": null,
            "ttl": [
              {
                "attribute_name": "",
                "enabled": false
              }
            ],
            "write_capacity": 0
          },
          "sensitive_attributes": [],
          "private": "eyJlMmJmYjczMC1lY2FhLTExZTYtOGY4OC0zNDM2M2JjN2M0YzAiOnsiY3JlYXRlIjoxODAwMDAwMDAwMDAwLCJkZWxldGUiOjYwMDAwMDAwMDAwMCwidXBkYXRlIjozNjAwMDAwMDAwMDAwfSwic2NoZW1hX3ZlcnNpb24iOiIxIn0="
        }
      ]
    },
    {
      "mode": "managed",
      "type": "aws_iam_policy",
      "name": "VisitorCounterPolicy",
      "provider": "provider[\"registry.terraform.io/hashicorp/aws\"]",
      "instances": [
        {
          "schema_version": 0,
          "attributes": {
            "arn": "arn:aws:iam::293672135960:policy/VisitorCounterPolicy",
            "description": "IAM policy for Visitor Counter lambda function",
            "id": "arn:aws:iam::293672135960:policy/VisitorCounterPolicy",
            "name": "VisitorCounterPolicy",
            "name_prefix": null,
            "path": "/",
            "policy": "{\"Statement\":[{\"Action\":[\"dynamodb:BatchGetItem\",\"dynamodb:GetItem\",\"dynamodb:Query\",\"dynamodb:Scan\",\"dynamodb:BatchWriteItem\",\"dynamodb:PutItem\",\"dynamodb:UpdateItem\"],\"Effect\":\"Allow\",\"Resource\":\"arn:aws:dynamodb:*:*:table/Counter1\"}],\"Version\":\"2012-10-17\"}",
            "policy_id": "ANPAUIYBZFUMB5ZCCEQFA",
            "tags": {},
            "tags_all": {}
          },
          "sensitive_attributes": [],
          "private": "bnVsbA==",
          "dependencies": [
            "data.template_file.visitorcounterlambdapolicy"
          ]
        }
      ]
    },
    {
      "mode": "managed",
      "type": "aws_iam_role",
      "name": "VisitorCounterLambdaRole",
      "provider": "provider[\"registry.terraform.io/hashicorp/aws\"]",
      "instances": [
        {
          "schema_version": 0,
          "attributes": {
            "arn": "arn:aws:iam::293672135960:role/VisitorCounterLambdaRole",
            "assume_role_policy": "{\"Version\":\"2012-10-17\",\"Statement\":[{\"Sid\":\"\",\"Effect\":\"Allow\",\"Principal\":{\"Service\":\"lambda.amazonaws.com\"},\"Action\":\"sts:AssumeRole\"}]}",
            "create_date": "2022-02-12T14:06:34Z",
            "description": "",
            "force_detach_policies": false,
            "id": "VisitorCounterLambdaRole",
            "inline_policy": [
              {
                "name": "",
                "policy": ""
              }
            ],
            "managed_policy_arns": [
              "arn:aws:iam::293672135960:policy/VisitorCounterPolicy"
            ],
            "max_session_duration": 3600,
            "name": "VisitorCounterLambdaRole",
            "name_prefix": "",
            "path": "/",
            "permissions_boundary": null,
            "tags": {},
            "tags_all": {},
            "unique_id": "AROAUIYBZFUMPEZIRIYCS"
          },
          "sensitive_attributes": [],
          "private": "bnVsbA=="
        }
      ]
    },
    {
      "mode": "managed",
      "type": "aws_iam_role_policy_attachment",
      "name": "VisitorCounterRolePolicy",
      "provider": "provider[\"registry.terraform.io/hashicorp/aws\"]",
      "instances": [
        {
          "schema_version": 0,
          "attributes": {
            "id": "VisitorCounterLambdaRole-20220212140636832800000001",
            "policy_arn": "arn:aws:iam::293672135960:policy/VisitorCounterPolicy",
            "role": "VisitorCounterLambdaRole"
          },
          "sensitive_attributes": [],
          "private": "bnVsbA==",
          "dependencies": [
            "aws_iam_policy.VisitorCounterPolicy",
            "aws_iam_role.VisitorCounterLambdaRole",
            "data.template_file.visitorcounterlambdapolicy"
          ]
        }
      ]
    },
    {
      "mode": "managed",
      "type": "aws_lambda_function",
      "name": "CreateVisitorCounterHandler",
      "provider": "provider[\"registry.terraform.io/hashicorp/aws\"]",
      "instances": [
        {
          "schema_version": 0,
          "attributes": {
            "architectures": [
              "x86_64"
            ],
            "arn": "arn:aws:lambda:us-east-1:293672135960:function:test3",
            "code_signing_config_arn": "",
            "dead_letter_config": [],
            "description": "",
            "environment": [
              {
                "variables": {
                  "PRODUCT_TABEL": "Counter1",
                  "REGION": "us-east-1"
                }
              }
            ],
            "file_system_config": [],
            "filename": "../lambda/visitorCounter.zip",
            "function_name": "test3",
            "handler": "visitorCounter.lambda_handler",
            "id": "test3",
            "image_config": [],
            "image_uri": "",
            "invoke_arn": "arn:aws:apigateway:us-east-1:lambda:path/2015-03-31/functions/arn:aws:lambda:us-east-1:293672135960:function:test3/invocations",
            "kms_key_arn": "",
            "last_modified": "2022-02-12T14:06:45.988+0000",
            "layers": [],
            "memory_size": 128,
            "package_type": "Zip",
            "publish": false,
            "qualified_arn": "arn:aws:lambda:us-east-1:293672135960:function:test3:$LATEST",
            "reserved_concurrent_executions": -1,
            "role": "arn:aws:iam::293672135960:role/VisitorCounterLambdaRole",
            "runtime": "python3.8",
            "s3_bucket": null,
            "s3_key": null,
            "s3_object_version": null,
            "signing_job_arn": "",
            "signing_profile_version_arn": "",
            "source_code_hash": "FD1Y4Ww7J8jFBox/V2xB+h5NZBuDfZ7NIPGK7SPwNFs=",
            "source_code_size": 544,
            "tags": {},
            "tags_all": {},
            "timeout": 100,
            "timeouts": null,
            "tracing_config": [
              {
                "mode": "PassThrough"
              }
            ],
            "version": "$LATEST",
            "vpc_config": []
          },
          "sensitive_attributes": [],
          "private": "eyJlMmJmYjczMC1lY2FhLTExZTYtOGY4OC0zNDM2M2JjN2M0YzAiOnsiY3JlYXRlIjo2MDAwMDAwMDAwMDB9fQ==",
          "dependencies": [
            "aws_dynamodb_table.basic-dynamodb-table",
            "aws_iam_role.VisitorCounterLambdaRole"
          ]
        }
      ]
    },
    {
      "mode": "managed",
      "type": "aws_lambda_permission",
      "name": "apigw-CreateVisitorCounter",
      "provider": "provider[\"registry.terraform.io/hashicorp/aws\"]",
      "instances": [
        {
          "schema_version": 0,
          "attributes": {
            "action": "lambda:InvokeFunction",
            "event_source_token": null,
            "function_name": "test3",
            "id": "terraform-20220212174504628100000001",
            "principal": "apigateway.amazonaws.com",
            "qualifier": "",
            "source_account": null,
            "source_arn": "arn:aws:execute-api:us-east-1:293672135960:1ils88bpqg/*/POST/product",
            "statement_id": "terraform-20220212174504628100000001",
            "statement_id_prefix": null
          },
          "sensitive_attributes": [],
          "private": "bnVsbA==",
          "dependencies": [
            "aws_api_gateway_rest_api.counterapigw",
            "aws_lambda_function.CreateVisitorCounterHandler"
          ]
        }
      ]
    }
  ]
}
